
Microsoft Visual Studio Solution File, Format Version 11.00
# Visual Studio 2010
Project("{FAE04EC0-301F-11D3-BF4B-00C04F79EFBC}") = "SafebrowseTests", "SafebrowseTest\SafebrowseTests.csproj", "{94E4EE68-78AB-4C39-A47E-2890F374653D}"
EndProject
Project("{2150E333-8FDC-42A3-9474-1A3956D46DE8}") = "Solution Items", "Solution Items", "{9D22BF58-43BD-4983-B437-8306DDB25D89}"
	ProjectSection(SolutionItems) = preProject
		Local.testsettings = Local.testsettings
		SafebrowseTest.vsmdi = SafebrowseTest.vsmdi
		TraceAndTestImpact.testsettings = TraceAndTestImpact.testsettings
	EndProjectSection
EndProject
Project("{FAE04EC0-301F-11D3-BF4B-00C04F79EFBC}") = "SafebrowseV2", "Safebrowsev2\SafebrowseV2.csproj", "{7DA36D86-757E-48E3-8C82-545EE59CF820}"
EndProject
Global
	GlobalSection(TestCaseManagementSettings) = postSolution
		CategoryFile = SafebrowseTest.vsmdi
	EndGlobalSection
	GlobalSection(SolutionConfigurationPlatforms) = preSolution
		Debug|Any CPU = Debug|Any CPU
		Release|Any CPU = Release|Any CPU
	EndGlobalSection
	GlobalSection(ProjectConfigurationPlatforms) = postSolution
		{94E4EE68-78AB-4C39-A47E-2890F374653D}.Debug|Any CPU.ActiveCfg = Debug|Any CPU
		{94E4EE68-78AB-4C39-A47E-2890F374653D}.Debug|Any CPU.Build.0 = Debug|Any CPU
		{94E4EE68-78AB-4C39-A47E-2890F374653D}.Release|Any CPU.ActiveCfg = Release|Any CPU
		{94E4EE68-78AB-4C39-A47E-2890F374653D}.Release|Any CPU.Build.0 = Release|Any CPU
		{7DA36D86-757E-48E3-8C82-545EE59CF820}.Debug|Any CPU.ActiveCfg = Debug|Any CPU
		{7DA36D86-757E-48E3-8C82-545EE59CF820}.Debug|Any CPU.Build.0 = Debug|Any CPU
		{7DA36D86-757E-48E3-8C82-545EE59CF820}.Release|Any CPU.ActiveCfg = Release|Any CPU
		{7DA36D86-757E-48E3-8C82-545EE59CF820}.Release|Any CPU.Build.0 = Release|Any CPU
	EndGlobalSection
	GlobalSection(SolutionProperties) = preSolution
		HideSolutionNode = FALSE
	EndGlobalSection
EndGlobal
